
Microsoft Visual Studio Solution File, Format Version 12.00
# Visual Studio 15
VisualStudioVersion = 15.0.27004.2010
MinimumVisualStudioVersion = 10.0.40219.1
Project("{FAE04EC0-301F-11D3-BF4B-00C04F79EFBC}") = "Q01 Square10x10", "L06 Drawing w Loops Qs\Q01 Square10x10.csproj", "{FA9210C9-0EC5-42BF-B4E0-6FC359950576}"
EndProject
Project("{FAE04EC0-301F-11D3-BF4B-00C04F79EFBC}") = "Q02 Square NxN", "Q02 Square NxN\Q02 Square NxN.csproj", "{F2307632-1E94-43F7-B4FE-B1F2E632FA8C}"
EndProject
Project("{FAE04EC0-301F-11D3-BF4B-00C04F79EFBC}") = "Q03 Square NxN w Spaces", "Q03 Square NxN w Spaces\Q03 Square NxN w Spaces.csproj", "{01030E6C-D72B-4B73-B362-473D0F817668}"
EndProject
Project("{FAE04EC0-301F-11D3-BF4B-00C04F79EFBC}") = "Q04 Triangle of dollars", "Q04 Triangle of dollars\Q04 Triangle of dollars.csproj", "{308D3F30-4C4C-46E2-8095-65881074C5AE}"
EndProject
Project("{FAE04EC0-301F-11D3-BF4B-00C04F79EFBC}") = "Q05 Square Frame", "Q05 Square Frame\Q05 Square Frame.csproj", "{BE388DAE-DB08-44A2-9037-29E4CC1D6D9B}"
EndProject
Project("{FAE04EC0-301F-11D3-BF4B-00C04F79EFBC}") = "Q05 Martins Method", "Q05 Martins Method\Q05 Martins Method.csproj", "{9CFE210E-863D-4283-B488-718C60FEDFE4}"
EndProject
Project("{FAE04EC0-301F-11D3-BF4B-00C04F79EFBC}") = "Q06 Rhombus", "Q06 Rhombus\Q06 Rhombus.csproj", "{5E6AA3FC-5DA3-4A21-BA12-C4BE6EBBB84F}"
EndProject
Project("{FAE04EC0-301F-11D3-BF4B-00C04F79EFBC}") = "Q06 Rhombus V2", "Q06 Rhombus V2\Q06 Rhombus V2.csproj", "{42C199D9-6A28-4141-99C3-55872A2A5432}"
EndProject
Project("{FAE04EC0-301F-11D3-BF4B-00C04F79EFBC}") = "Q07 Christmas Tree", "Q07 Christmas Tree\Q07 Christmas Tree.csproj", "{2366BF04-D5F7-4581-B370-93AECDB42DB4}"
EndProject
Project("{FAE04EC0-301F-11D3-BF4B-00C04F79EFBC}") = "Q07 Christmas Tree V2", "Q07 Christmas Tree V2\Q07 Christmas Tree V2.csproj", "{93FF4A7F-2AC6-4855-989F-071EC11CE921}"
EndProject
Project("{FAE04EC0-301F-11D3-BF4B-00C04F79EFBC}") = "Q07 CT NewString", "Q07 CT NewString\Q07 CT NewString.csproj", "{B6C313C6-40D3-4786-A650-D17BC95338BA}"
EndProject
Project("{FAE04EC0-301F-11D3-BF4B-00C04F79EFBC}") = "Q08 Sunglasses", "Q08 Sunglasses\Q08 Sunglasses.csproj", "{9048B0EF-EF9A-407F-AB18-4F3E35C8883B}"
EndProject
Project("{FAE04EC0-301F-11D3-BF4B-00C04F79EFBC}") = "Q09 House", "Q09 House\Q09 House.csproj", "{58751FD0-96A3-423E-8987-5E67EA9C5297}"
EndProject
Global
	GlobalSection(SolutionConfigurationPlatforms) = preSolution
		Debug|Any CPU = Debug|Any CPU
		Release|Any CPU = Release|Any CPU
	EndGlobalSection
	GlobalSection(ProjectConfigurationPlatforms) = postSolution
		{FA9210C9-0EC5-42BF-B4E0-6FC359950576}.Debug|Any CPU.ActiveCfg = Debug|Any CPU
		{FA9210C9-0EC5-42BF-B4E0-6FC359950576}.Debug|Any CPU.Build.0 = Debug|Any CPU
		{FA9210C9-0EC5-42BF-B4E0-6FC359950576}.Release|Any CPU.ActiveCfg = Release|Any CPU
		{FA9210C9-0EC5-42BF-B4E0-6FC359950576}.Release|Any CPU.Build.0 = Release|Any CPU
		{F2307632-1E94-43F7-B4FE-B1F2E632FA8C}.Debug|Any CPU.ActiveCfg = Debug|Any CPU
		{F2307632-1E94-43F7-B4FE-B1F2E632FA8C}.Debug|Any CPU.Build.0 = Debug|Any CPU
		{F2307632-1E94-43F7-B4FE-B1F2E632FA8C}.Release|Any CPU.ActiveCfg = Release|Any CPU
		{F2307632-1E94-43F7-B4FE-B1F2E632FA8C}.Release|Any CPU.Build.0 = Release|Any CPU
		{01030E6C-D72B-4B73-B362-473D0F817668}.Debug|Any CPU.ActiveCfg = Debug|Any CPU
		{01030E6C-D72B-4B73-B362-473D0F817668}.Debug|Any CPU.Build.0 = Debug|Any CPU
		{01030E6C-D72B-4B73-B362-473D0F817668}.Release|Any CPU.ActiveCfg = Release|Any CPU
		{01030E6C-D72B-4B73-B362-473D0F817668}.Release|Any CPU.Build.0 = Release|Any CPU
		{308D3F30-4C4C-46E2-8095-65881074C5AE}.Debug|Any CPU.ActiveCfg = Debug|Any CPU
		{308D3F30-4C4C-46E2-8095-65881074C5AE}.Debug|Any CPU.Build.0 = Debug|Any CPU
		{308D3F30-4C4C-46E2-8095-65881074C5AE}.Release|Any CPU.ActiveCfg = Release|Any CPU
		{308D3F30-4C4C-46E2-8095-65881074C5AE}.Release|Any CPU.Build.0 = Release|Any CPU
		{BE388DAE-DB08-44A2-9037-29E4CC1D6D9B}.Debug|Any CPU.ActiveCfg = Debug|Any CPU
		{BE388DAE-DB08-44A2-9037-29E4CC1D6D9B}.Debug|Any CPU.Build.0 = Debug|Any CPU
		{BE388DAE-DB08-44A2-9037-29E4CC1D6D9B}.Release|Any CPU.ActiveCfg = Release|Any CPU
		{BE388DAE-DB08-44A2-9037-29E4CC1D6D9B}.Release|Any CPU.Build.0 = Release|Any CPU
		{9CFE210E-863D-4283-B488-718C60FEDFE4}.Debug|Any CPU.ActiveCfg = Debug|Any CPU
		{9CFE210E-863D-4283-B488-718C60FEDFE4}.Debug|Any CPU.Build.0 = Debug|Any CPU
		{9CFE210E-863D-4283-B488-718C60FEDFE4}.Release|Any CPU.ActiveCfg = Release|Any CPU
		{9CFE210E-863D-4283-B488-718C60FEDFE4}.Release|Any CPU.Build.0 = Release|Any CPU
		{5E6AA3FC-5DA3-4A21-BA12-C4BE6EBBB84F}.Debug|Any CPU.ActiveCfg = Debug|Any CPU
		{5E6AA3FC-5DA3-4A21-BA12-C4BE6EBBB84F}.Debug|Any CPU.Build.0 = Debug|Any CPU
		{5E6AA3FC-5DA3-4A21-BA12-C4BE6EBBB84F}.Release|Any CPU.ActiveCfg = Release|Any CPU
		{5E6AA3FC-5DA3-4A21-BA12-C4BE6EBBB84F}.Release|Any CPU.Build.0 = Release|Any CPU
		{42C199D9-6A28-4141-99C3-55872A2A5432}.Debug|Any CPU.ActiveCfg = Debug|Any CPU
		{42C199D9-6A28-4141-99C3-55872A2A5432}.Debug|Any CPU.Build.0 = Debug|Any CPU
		{42C199D9-6A28-4141-99C3-55872A2A5432}.Release|Any CPU.ActiveCfg = Release|Any CPU
		{42C199D9-6A28-4141-99C3-55872A2A5432}.Release|Any CPU.Build.0 = Release|Any CPU
		{2366BF04-D5F7-4581-B370-93AECDB42DB4}.Debug|Any CPU.ActiveCfg = Debug|Any CPU
		{2366BF04-D5F7-4581-B370-93AECDB42DB4}.Debug|Any CPU.Build.0 = Debug|Any CPU
		{2366BF04-D5F7-4581-B370-93AECDB42DB4}.Release|Any CPU.ActiveCfg = Release|Any CPU
		{2366BF04-D5F7-4581-B370-93AECDB42DB4}.Release|Any CPU.Build.0 = Release|Any CPU
		{93FF4A7F-2AC6-4855-989F-071EC11CE921}.Debug|Any CPU.ActiveCfg = Debug|Any CPU
		{93FF4A7F-2AC6-4855-989F-071EC11CE921}.Debug|Any CPU.Build.0 = Debug|Any CPU
		{93FF4A7F-2AC6-4855-989F-071EC11CE921}.Release|Any CPU.ActiveCfg = Release|Any CPU
		{93FF4A7F-2AC6-4855-989F-071EC11CE921}.Release|Any CPU.Build.0 = Release|Any CPU
		{B6C313C6-40D3-4786-A650-D17BC95338BA}.Debug|Any CPU.ActiveCfg = Debug|Any CPU
		{B6C313C6-40D3-4786-A650-D17BC95338BA}.Debug|Any CPU.Build.0 = Debug|Any CPU
		{B6C313C6-40D3-4786-A650-D17BC95338BA}.Release|Any CPU.ActiveCfg = Release|Any CPU
		{B6C313C6-40D3-4786-A650-D17BC95338BA}.Release|Any CPU.Build.0 = Release|Any CPU
		{9048B0EF-EF9A-407F-AB18-4F3E35C8883B}.Debug|Any CPU.ActiveCfg = Debug|Any CPU
		{9048B0EF-EF9A-407F-AB18-4F3E35C8883B}.Debug|Any CPU.Build.0 = Debug|Any CPU
		{9048B0EF-EF9A-407F-AB18-4F3E35C8883B}.Release|Any CPU.ActiveCfg = Release|Any CPU
		{9048B0EF-EF9A-407F-AB18-4F3E35C8883B}.Release|Any CPU.Build.0 = Release|Any CPU
		{58751FD0-96A3-423E-8987-5E67EA9C5297}.Debug|Any CPU.ActiveCfg = Debug|Any CPU
		{58751FD0-96A3-423E-8987-5E67EA9C5297}.Debug|Any CPU.Build.0 = Debug|Any CPU
		{58751FD0-96A3-423E-8987-5E67EA9C5297}.Release|Any CPU.ActiveCfg = Release|Any CPU
		{58751FD0-96A3-423E-8987-5E67EA9C5297}.Release|Any CPU.Build.0 = Release|Any CPU
	EndGlobalSection
	GlobalSection(SolutionProperties) = preSolution
		HideSolutionNode = FALSE
	EndGlobalSection
	GlobalSection(ExtensibilityGlobals) = postSolution
		SolutionGuid = {79F5665C-7427-4459-BF25-4E10F2CBD5B0}
	EndGlobalSection
EndGlobal
