
Microsoft Visual Studio Solution File, Format Version 12.00
# Visual Studio 15
VisualStudioVersion = 15.0.27004.2010
MinimumVisualStudioVersion = 10.0.40219.1
Project("{FAE04EC0-301F-11D3-BF4B-00C04F79EFBC}") = "Q01", "Q01\Q01.csproj", "{BF2C5F42-1F2C-4EE0-A350-8CC46D699385}"
EndProject
Project("{FAE04EC0-301F-11D3-BF4B-00C04F79EFBC}") = "Q02", "Q02\Q02.csproj", "{CFA3BDD4-57D8-44FA-88B0-C2616115FCE4}"
EndProject
Project("{FAE04EC0-301F-11D3-BF4B-00C04F79EFBC}") = "Q03", "Q03\Q03.csproj", "{6591C0D2-3F24-40E1-B55B-06683E2521A1}"
EndProject
Project("{FAE04EC0-301F-11D3-BF4B-00C04F79EFBC}") = "Q04", "Q04\Q04.csproj", "{14A254C8-E3B7-489E-A7D8-1C232BDADB9C}"
EndProject
Project("{FAE04EC0-301F-11D3-BF4B-00C04F79EFBC}") = "Q05", "Q05\Q05.csproj", "{9FA34D80-9217-402E-9BB6-E31C50B6ADD3}"
EndProject
Project("{FAE04EC0-301F-11D3-BF4B-00C04F79EFBC}") = "Q06", "Q06\Q06.csproj", "{89318700-1459-4D44-A02C-71367C5F98F7}"
EndProject
Project("{FAE04EC0-301F-11D3-BF4B-00C04F79EFBC}") = "Q06 V2", "Q06 V2\Q06 V2.csproj", "{ABBB17CC-32DE-4016-9A58-490B3DF60FE8}"
EndProject
Project("{FAE04EC0-301F-11D3-BF4B-00C04F79EFBC}") = "Q04 V2", "Q04 V2\Q04 V2.csproj", "{4C8A7BCD-79CE-4B44-81F0-07C7D0E11360}"
EndProject
Project("{FAE04EC0-301F-11D3-BF4B-00C04F79EFBC}") = "Q06 V3", "Q06 V3\Q06 V3.csproj", "{BA7E032D-DA6B-4CA9-9E12-D66003542DE9}"
EndProject
Project("{FAE04EC0-301F-11D3-BF4B-00C04F79EFBC}") = "Q04 V3", "Q04 V3\Q04 V3.csproj", "{EAFD5B9C-B736-4F28-BB65-2FD91E4BDCD9}"
EndProject
Global
	GlobalSection(SolutionConfigurationPlatforms) = preSolution
		Debug|Any CPU = Debug|Any CPU
		Release|Any CPU = Release|Any CPU
	EndGlobalSection
	GlobalSection(ProjectConfigurationPlatforms) = postSolution
		{BF2C5F42-1F2C-4EE0-A350-8CC46D699385}.Debug|Any CPU.ActiveCfg = Debug|Any CPU
		{BF2C5F42-1F2C-4EE0-A350-8CC46D699385}.Debug|Any CPU.Build.0 = Debug|Any CPU
		{BF2C5F42-1F2C-4EE0-A350-8CC46D699385}.Release|Any CPU.ActiveCfg = Release|Any CPU
		{BF2C5F42-1F2C-4EE0-A350-8CC46D699385}.Release|Any CPU.Build.0 = Release|Any CPU
		{CFA3BDD4-57D8-44FA-88B0-C2616115FCE4}.Debug|Any CPU.ActiveCfg = Debug|Any CPU
		{CFA3BDD4-57D8-44FA-88B0-C2616115FCE4}.Debug|Any CPU.Build.0 = Debug|Any CPU
		{CFA3BDD4-57D8-44FA-88B0-C2616115FCE4}.Release|Any CPU.ActiveCfg = Release|Any CPU
		{CFA3BDD4-57D8-44FA-88B0-C2616115FCE4}.Release|Any CPU.Build.0 = Release|Any CPU
		{6591C0D2-3F24-40E1-B55B-06683E2521A1}.Debug|Any CPU.ActiveCfg = Debug|Any CPU
		{6591C0D2-3F24-40E1-B55B-06683E2521A1}.Debug|Any CPU.Build.0 = Debug|Any CPU
		{6591C0D2-3F24-40E1-B55B-06683E2521A1}.Release|Any CPU.ActiveCfg = Release|Any CPU
		{6591C0D2-3F24-40E1-B55B-06683E2521A1}.Release|Any CPU.Build.0 = Release|Any CPU
		{14A254C8-E3B7-489E-A7D8-1C232BDADB9C}.Debug|Any CPU.ActiveCfg = Debug|Any CPU
		{14A254C8-E3B7-489E-A7D8-1C232BDADB9C}.Debug|Any CPU.Build.0 = Debug|Any CPU
		{14A254C8-E3B7-489E-A7D8-1C232BDADB9C}.Release|Any CPU.ActiveCfg = Release|Any CPU
		{14A254C8-E3B7-489E-A7D8-1C232BDADB9C}.Release|Any CPU.Build.0 = Release|Any CPU
		{9FA34D80-9217-402E-9BB6-E31C50B6ADD3}.Debug|Any CPU.ActiveCfg = Debug|Any CPU
		{9FA34D80-9217-402E-9BB6-E31C50B6ADD3}.Debug|Any CPU.Build.0 = Debug|Any CPU
		{9FA34D80-9217-402E-9BB6-E31C50B6ADD3}.Release|Any CPU.ActiveCfg = Release|Any CPU
		{9FA34D80-9217-402E-9BB6-E31C50B6ADD3}.Release|Any CPU.Build.0 = Release|Any CPU
		{89318700-1459-4D44-A02C-71367C5F98F7}.Debug|Any CPU.ActiveCfg = Debug|Any CPU
		{89318700-1459-4D44-A02C-71367C5F98F7}.Debug|Any CPU.Build.0 = Debug|Any CPU
		{89318700-1459-4D44-A02C-71367C5F98F7}.Release|Any CPU.ActiveCfg = Release|Any CPU
		{89318700-1459-4D44-A02C-71367C5F98F7}.Release|Any CPU.Build.0 = Release|Any CPU
		{ABBB17CC-32DE-4016-9A58-490B3DF60FE8}.Debug|Any CPU.ActiveCfg = Debug|Any CPU
		{ABBB17CC-32DE-4016-9A58-490B3DF60FE8}.Debug|Any CPU.Build.0 = Debug|Any CPU
		{ABBB17CC-32DE-4016-9A58-490B3DF60FE8}.Release|Any CPU.ActiveCfg = Release|Any CPU
		{ABBB17CC-32DE-4016-9A58-490B3DF60FE8}.Release|Any CPU.Build.0 = Release|Any CPU
		{4C8A7BCD-79CE-4B44-81F0-07C7D0E11360}.Debug|Any CPU.ActiveCfg = Debug|Any CPU
		{4C8A7BCD-79CE-4B44-81F0-07C7D0E11360}.Debug|Any CPU.Build.0 = Debug|Any CPU
		{4C8A7BCD-79CE-4B44-81F0-07C7D0E11360}.Release|Any CPU.ActiveCfg = Release|Any CPU
		{4C8A7BCD-79CE-4B44-81F0-07C7D0E11360}.Release|Any CPU.Build.0 = Release|Any CPU
		{BA7E032D-DA6B-4CA9-9E12-D66003542DE9}.Debug|Any CPU.ActiveCfg = Debug|Any CPU
		{BA7E032D-DA6B-4CA9-9E12-D66003542DE9}.Debug|Any CPU.Build.0 = Debug|Any CPU
		{BA7E032D-DA6B-4CA9-9E12-D66003542DE9}.Release|Any CPU.ActiveCfg = Release|Any CPU
		{BA7E032D-DA6B-4CA9-9E12-D66003542DE9}.Release|Any CPU.Build.0 = Release|Any CPU
		{EAFD5B9C-B736-4F28-BB65-2FD91E4BDCD9}.Debug|Any CPU.ActiveCfg = Debug|Any CPU
		{EAFD5B9C-B736-4F28-BB65-2FD91E4BDCD9}.Debug|Any CPU.Build.0 = Debug|Any CPU
		{EAFD5B9C-B736-4F28-BB65-2FD91E4BDCD9}.Release|Any CPU.ActiveCfg = Release|Any CPU
		{EAFD5B9C-B736-4F28-BB65-2FD91E4BDCD9}.Release|Any CPU.Build.0 = Release|Any CPU
	EndGlobalSection
	GlobalSection(SolutionProperties) = preSolution
		HideSolutionNode = FALSE
	EndGlobalSection
	GlobalSection(ExtensibilityGlobals) = postSolution
		SolutionGuid = {9326C883-DE4C-4DDF-8531-893C8151421A}
	EndGlobalSection
EndGlobal
