
Microsoft Visual Studio Solution File, Format Version 12.00
# Visual Studio 15
VisualStudioVersion = 15.0.27004.2010
MinimumVisualStudioVersion = 10.0.40219.1
Project("{FAE04EC0-301F-11D3-BF4B-00C04F79EFBC}") = "Q01 Excellent Result", "Q01 Excellent Result\Q01 Excellent Result.csproj", "{D58263D7-CFA2-4A9B-9CF5-C3A62D35CA0F}"
EndProject
Project("{FAE04EC0-301F-11D3-BF4B-00C04F79EFBC}") = "Q02 Excellent or Not", "Q02 Excellent or Not\Q02 Excellent or Not.csproj", "{FF61CF3D-C4DF-4ED6-829D-D6FD0F5D6E43}"
EndProject
Project("{FAE04EC0-301F-11D3-BF4B-00C04F79EFBC}") = "Q03 Even or Odd", "ConsoleApp1\Q03 Even or Odd.csproj", "{6C140477-7E2E-4B29-B009-6A1F11F0E6F3}"
EndProject
Project("{FAE04EC0-301F-11D3-BF4B-00C04F79EFBC}") = "Q04 Greater Number", "Q04 Greater Number\Q04 Greater Number.csproj", "{EA44DCF2-9B72-4522-A4EC-2EF5C56AD3ED}"
EndProject
Project("{FAE04EC0-301F-11D3-BF4B-00C04F79EFBC}") = "Q05 Numbers 0to9 In Text", "Q05 Numbers 0to9 In Text\Q05 Numbers 0to9 In Text.csproj", "{E7C18105-8642-4D0A-89A4-E2A4E3EA0EBD}"
EndProject
Project("{FAE04EC0-301F-11D3-BF4B-00C04F79EFBC}") = "Q06 Bonus Score", "Q06 Bonus Score\Q06 Bonus Score.csproj", "{094E9296-AB64-46BD-8CC0-40FE973B7E3A}"
EndProject
Project("{FAE04EC0-301F-11D3-BF4B-00C04F79EFBC}") = "Q07 Sum Seconds", "Q07 Sum Seconds\Q07 Sum Seconds.csproj", "{A9025913-4A1F-46AF-AA70-EFF39D3CCF0E}"
EndProject
Project("{FAE04EC0-301F-11D3-BF4B-00C04F79EFBC}") = "Q08 Metric Converter", "Q08 Metric Converter\Q08 Metric Converter.csproj", "{083F3FAA-9413-4F36-993A-ACDBC551EE65}"
EndProject
Project("{FAE04EC0-301F-11D3-BF4B-00C04F79EFBC}") = "Q09 Password Guesser", "Q09 Password Guesser\Q09 Password Guesser.csproj", "{BDC436B0-3448-4492-855A-9BC18176CD29}"
EndProject
Project("{FAE04EC0-301F-11D3-BF4B-00C04F79EFBC}") = "Q10 Number 100...200", "Q10 Number 100...200\Q10 Number 100...200.csproj", "{2EA14FE6-7BC0-4F49-9364-FF3060FF9FC4}"
EndProject
Project("{FAE04EC0-301F-11D3-BF4B-00C04F79EFBC}") = "Q11 Equal Words", "Q11 Equal Words\Q11 Equal Words.csproj", "{0D48D7BA-9A59-4929-9C7A-F6DE537402D5}"
EndProject
Project("{FAE04EC0-301F-11D3-BF4B-00C04F79EFBC}") = "Q12 Speed Info", "Q12 Speed Info\Q12 Speed Info.csproj", "{E35D90A9-D219-4CFD-8338-BC3A531984AE}"
EndProject
Project("{FAE04EC0-301F-11D3-BF4B-00C04F79EFBC}") = "Q13 Area of Figures", "Q13 Area of Figures\Q13 Area of Figures.csproj", "{E4421BF1-CD96-4B0C-8CE2-66A45E074FB4}"
EndProject
Project("{FAE04EC0-301F-11D3-BF4B-00C04F79EFBC}") = "Q14 Time+15Min", "Q14 Time+15Min\Q14 Time+15Min.csproj", "{9AC77749-47AA-48B8-9352-9EB2B5178E39}"
EndProject
Project("{FAE04EC0-301F-11D3-BF4B-00C04F79EFBC}") = "Q15 3 Equal Numbers", "Q15 3 Equal Numbers\Q15 3 Equal Numbers.csproj", "{D20D2E80-1037-45BA-93C8-C4CF0C1F39C7}"
EndProject
Project("{FAE04EC0-301F-11D3-BF4B-00C04F79EFBC}") = "Q16 Numbers to 100", "Q16 Numbers to 100\Q16 Numbers to 100.csproj", "{040A20D5-7F82-4AED-BF73-CC66DF7533A6}"
EndProject
Global
	GlobalSection(SolutionConfigurationPlatforms) = preSolution
		Debug|Any CPU = Debug|Any CPU
		Debug|ARM = Debug|ARM
		Debug|x64 = Debug|x64
		Debug|x86 = Debug|x86
		Release|Any CPU = Release|Any CPU
		Release|ARM = Release|ARM
		Release|x64 = Release|x64
		Release|x86 = Release|x86
	EndGlobalSection
	GlobalSection(ProjectConfigurationPlatforms) = postSolution
		{D58263D7-CFA2-4A9B-9CF5-C3A62D35CA0F}.Debug|Any CPU.ActiveCfg = Debug|Any CPU
		{D58263D7-CFA2-4A9B-9CF5-C3A62D35CA0F}.Debug|Any CPU.Build.0 = Debug|Any CPU
		{D58263D7-CFA2-4A9B-9CF5-C3A62D35CA0F}.Debug|ARM.ActiveCfg = Debug|Any CPU
		{D58263D7-CFA2-4A9B-9CF5-C3A62D35CA0F}.Debug|ARM.Build.0 = Debug|Any CPU
		{D58263D7-CFA2-4A9B-9CF5-C3A62D35CA0F}.Debug|x64.ActiveCfg = Debug|Any CPU
		{D58263D7-CFA2-4A9B-9CF5-C3A62D35CA0F}.Debug|x64.Build.0 = Debug|Any CPU
		{D58263D7-CFA2-4A9B-9CF5-C3A62D35CA0F}.Debug|x86.ActiveCfg = Debug|Any CPU
		{D58263D7-CFA2-4A9B-9CF5-C3A62D35CA0F}.Debug|x86.Build.0 = Debug|Any CPU
		{D58263D7-CFA2-4A9B-9CF5-C3A62D35CA0F}.Release|Any CPU.ActiveCfg = Release|Any CPU
		{D58263D7-CFA2-4A9B-9CF5-C3A62D35CA0F}.Release|Any CPU.Build.0 = Release|Any CPU
		{D58263D7-CFA2-4A9B-9CF5-C3A62D35CA0F}.Release|ARM.ActiveCfg = Release|Any CPU
		{D58263D7-CFA2-4A9B-9CF5-C3A62D35CA0F}.Release|ARM.Build.0 = Release|Any CPU
		{D58263D7-CFA2-4A9B-9CF5-C3A62D35CA0F}.Release|x64.ActiveCfg = Release|Any CPU
		{D58263D7-CFA2-4A9B-9CF5-C3A62D35CA0F}.Release|x64.Build.0 = Release|Any CPU
		{D58263D7-CFA2-4A9B-9CF5-C3A62D35CA0F}.Release|x86.ActiveCfg = Release|Any CPU
		{D58263D7-CFA2-4A9B-9CF5-C3A62D35CA0F}.Release|x86.Build.0 = Release|Any CPU
		{FF61CF3D-C4DF-4ED6-829D-D6FD0F5D6E43}.Debug|Any CPU.ActiveCfg = Debug|Any CPU
		{FF61CF3D-C4DF-4ED6-829D-D6FD0F5D6E43}.Debug|Any CPU.Build.0 = Debug|Any CPU
		{FF61CF3D-C4DF-4ED6-829D-D6FD0F5D6E43}.Debug|ARM.ActiveCfg = Debug|Any CPU
		{FF61CF3D-C4DF-4ED6-829D-D6FD0F5D6E43}.Debug|ARM.Build.0 = Debug|Any CPU
		{FF61CF3D-C4DF-4ED6-829D-D6FD0F5D6E43}.Debug|x64.ActiveCfg = Debug|Any CPU
		{FF61CF3D-C4DF-4ED6-829D-D6FD0F5D6E43}.Debug|x64.Build.0 = Debug|Any CPU
		{FF61CF3D-C4DF-4ED6-829D-D6FD0F5D6E43}.Debug|x86.ActiveCfg = Debug|Any CPU
		{FF61CF3D-C4DF-4ED6-829D-D6FD0F5D6E43}.Debug|x86.Build.0 = Debug|Any CPU
		{FF61CF3D-C4DF-4ED6-829D-D6FD0F5D6E43}.Release|Any CPU.ActiveCfg = Release|Any CPU
		{FF61CF3D-C4DF-4ED6-829D-D6FD0F5D6E43}.Release|Any CPU.Build.0 = Release|Any CPU
		{FF61CF3D-C4DF-4ED6-829D-D6FD0F5D6E43}.Release|ARM.ActiveCfg = Release|Any CPU
		{FF61CF3D-C4DF-4ED6-829D-D6FD0F5D6E43}.Release|ARM.Build.0 = Release|Any CPU
		{FF61CF3D-C4DF-4ED6-829D-D6FD0F5D6E43}.Release|x64.ActiveCfg = Release|Any CPU
		{FF61CF3D-C4DF-4ED6-829D-D6FD0F5D6E43}.Release|x64.Build.0 = Release|Any CPU
		{FF61CF3D-C4DF-4ED6-829D-D6FD0F5D6E43}.Release|x86.ActiveCfg = Release|Any CPU
		{FF61CF3D-C4DF-4ED6-829D-D6FD0F5D6E43}.Release|x86.Build.0 = Release|Any CPU
		{6C140477-7E2E-4B29-B009-6A1F11F0E6F3}.Debug|Any CPU.ActiveCfg = Debug|Any CPU
		{6C140477-7E2E-4B29-B009-6A1F11F0E6F3}.Debug|Any CPU.Build.0 = Debug|Any CPU
		{6C140477-7E2E-4B29-B009-6A1F11F0E6F3}.Debug|ARM.ActiveCfg = Debug|Any CPU
		{6C140477-7E2E-4B29-B009-6A1F11F0E6F3}.Debug|ARM.Build.0 = Debug|Any CPU
		{6C140477-7E2E-4B29-B009-6A1F11F0E6F3}.Debug|x64.ActiveCfg = Debug|Any CPU
		{6C140477-7E2E-4B29-B009-6A1F11F0E6F3}.Debug|x64.Build.0 = Debug|Any CPU
		{6C140477-7E2E-4B29-B009-6A1F11F0E6F3}.Debug|x86.ActiveCfg = Debug|Any CPU
		{6C140477-7E2E-4B29-B009-6A1F11F0E6F3}.Debug|x86.Build.0 = Debug|Any CPU
		{6C140477-7E2E-4B29-B009-6A1F11F0E6F3}.Release|Any CPU.ActiveCfg = Release|Any CPU
		{6C140477-7E2E-4B29-B009-6A1F11F0E6F3}.Release|Any CPU.Build.0 = Release|Any CPU
		{6C140477-7E2E-4B29-B009-6A1F11F0E6F3}.Release|ARM.ActiveCfg = Release|Any CPU
		{6C140477-7E2E-4B29-B009-6A1F11F0E6F3}.Release|ARM.Build.0 = Release|Any CPU
		{6C140477-7E2E-4B29-B009-6A1F11F0E6F3}.Release|x64.ActiveCfg = Release|Any CPU
		{6C140477-7E2E-4B29-B009-6A1F11F0E6F3}.Release|x64.Build.0 = Release|Any CPU
		{6C140477-7E2E-4B29-B009-6A1F11F0E6F3}.Release|x86.ActiveCfg = Release|Any CPU
		{6C140477-7E2E-4B29-B009-6A1F11F0E6F3}.Release|x86.Build.0 = Release|Any CPU
		{EA44DCF2-9B72-4522-A4EC-2EF5C56AD3ED}.Debug|Any CPU.ActiveCfg = Debug|Any CPU
		{EA44DCF2-9B72-4522-A4EC-2EF5C56AD3ED}.Debug|Any CPU.Build.0 = Debug|Any CPU
		{EA44DCF2-9B72-4522-A4EC-2EF5C56AD3ED}.Debug|ARM.ActiveCfg = Debug|Any CPU
		{EA44DCF2-9B72-4522-A4EC-2EF5C56AD3ED}.Debug|ARM.Build.0 = Debug|Any CPU
		{EA44DCF2-9B72-4522-A4EC-2EF5C56AD3ED}.Debug|x64.ActiveCfg = Debug|Any CPU
		{EA44DCF2-9B72-4522-A4EC-2EF5C56AD3ED}.Debug|x64.Build.0 = Debug|Any CPU
		{EA44DCF2-9B72-4522-A4EC-2EF5C56AD3ED}.Debug|x86.ActiveCfg = Debug|Any CPU
		{EA44DCF2-9B72-4522-A4EC-2EF5C56AD3ED}.Debug|x86.Build.0 = Debug|Any CPU
		{EA44DCF2-9B72-4522-A4EC-2EF5C56AD3ED}.Release|Any CPU.ActiveCfg = Release|Any CPU
		{EA44DCF2-9B72-4522-A4EC-2EF5C56AD3ED}.Release|Any CPU.Build.0 = Release|Any CPU
		{EA44DCF2-9B72-4522-A4EC-2EF5C56AD3ED}.Release|ARM.ActiveCfg = Release|Any CPU
		{EA44DCF2-9B72-4522-A4EC-2EF5C56AD3ED}.Release|ARM.Build.0 = Release|Any CPU
		{EA44DCF2-9B72-4522-A4EC-2EF5C56AD3ED}.Release|x64.ActiveCfg = Release|Any CPU
		{EA44DCF2-9B72-4522-A4EC-2EF5C56AD3ED}.Release|x64.Build.0 = Release|Any CPU
		{EA44DCF2-9B72-4522-A4EC-2EF5C56AD3ED}.Release|x86.ActiveCfg = Release|Any CPU
		{EA44DCF2-9B72-4522-A4EC-2EF5C56AD3ED}.Release|x86.Build.0 = Release|Any CPU
		{E7C18105-8642-4D0A-89A4-E2A4E3EA0EBD}.Debug|Any CPU.ActiveCfg = Debug|Any CPU
		{E7C18105-8642-4D0A-89A4-E2A4E3EA0EBD}.Debug|Any CPU.Build.0 = Debug|Any CPU
		{E7C18105-8642-4D0A-89A4-E2A4E3EA0EBD}.Debug|ARM.ActiveCfg = Debug|Any CPU
		{E7C18105-8642-4D0A-89A4-E2A4E3EA0EBD}.Debug|ARM.Build.0 = Debug|Any CPU
		{E7C18105-8642-4D0A-89A4-E2A4E3EA0EBD}.Debug|x64.ActiveCfg = Debug|Any CPU
		{E7C18105-8642-4D0A-89A4-E2A4E3EA0EBD}.Debug|x64.Build.0 = Debug|Any CPU
		{E7C18105-8642-4D0A-89A4-E2A4E3EA0EBD}.Debug|x86.ActiveCfg = Debug|Any CPU
		{E7C18105-8642-4D0A-89A4-E2A4E3EA0EBD}.Debug|x86.Build.0 = Debug|Any CPU
		{E7C18105-8642-4D0A-89A4-E2A4E3EA0EBD}.Release|Any CPU.ActiveCfg = Release|Any CPU
		{E7C18105-8642-4D0A-89A4-E2A4E3EA0EBD}.Release|Any CPU.Build.0 = Release|Any CPU
		{E7C18105-8642-4D0A-89A4-E2A4E3EA0EBD}.Release|ARM.ActiveCfg = Release|Any CPU
		{E7C18105-8642-4D0A-89A4-E2A4E3EA0EBD}.Release|ARM.Build.0 = Release|Any CPU
		{E7C18105-8642-4D0A-89A4-E2A4E3EA0EBD}.Release|x64.ActiveCfg = Release|Any CPU
		{E7C18105-8642-4D0A-89A4-E2A4E3EA0EBD}.Release|x64.Build.0 = Release|Any CPU
		{E7C18105-8642-4D0A-89A4-E2A4E3EA0EBD}.Release|x86.ActiveCfg = Release|Any CPU
		{E7C18105-8642-4D0A-89A4-E2A4E3EA0EBD}.Release|x86.Build.0 = Release|Any CPU
		{094E9296-AB64-46BD-8CC0-40FE973B7E3A}.Debug|Any CPU.ActiveCfg = Debug|Any CPU
		{094E9296-AB64-46BD-8CC0-40FE973B7E3A}.Debug|Any CPU.Build.0 = Debug|Any CPU
		{094E9296-AB64-46BD-8CC0-40FE973B7E3A}.Debug|ARM.ActiveCfg = Debug|Any CPU
		{094E9296-AB64-46BD-8CC0-40FE973B7E3A}.Debug|ARM.Build.0 = Debug|Any CPU
		{094E9296-AB64-46BD-8CC0-40FE973B7E3A}.Debug|x64.ActiveCfg = Debug|Any CPU
		{094E9296-AB64-46BD-8CC0-40FE973B7E3A}.Debug|x64.Build.0 = Debug|Any CPU
		{094E9296-AB64-46BD-8CC0-40FE973B7E3A}.Debug|x86.ActiveCfg = Debug|Any CPU
		{094E9296-AB64-46BD-8CC0-40FE973B7E3A}.Debug|x86.Build.0 = Debug|Any CPU
		{094E9296-AB64-46BD-8CC0-40FE973B7E3A}.Release|Any CPU.ActiveCfg = Release|Any CPU
		{094E9296-AB64-46BD-8CC0-40FE973B7E3A}.Release|Any CPU.Build.0 = Release|Any CPU
		{094E9296-AB64-46BD-8CC0-40FE973B7E3A}.Release|ARM.ActiveCfg = Release|Any CPU
		{094E9296-AB64-46BD-8CC0-40FE973B7E3A}.Release|ARM.Build.0 = Release|Any CPU
		{094E9296-AB64-46BD-8CC0-40FE973B7E3A}.Release|x64.ActiveCfg = Release|Any CPU
		{094E9296-AB64-46BD-8CC0-40FE973B7E3A}.Release|x64.Build.0 = Release|Any CPU
		{094E9296-AB64-46BD-8CC0-40FE973B7E3A}.Release|x86.ActiveCfg = Release|Any CPU
		{094E9296-AB64-46BD-8CC0-40FE973B7E3A}.Release|x86.Build.0 = Release|Any CPU
		{A9025913-4A1F-46AF-AA70-EFF39D3CCF0E}.Debug|Any CPU.ActiveCfg = Debug|Any CPU
		{A9025913-4A1F-46AF-AA70-EFF39D3CCF0E}.Debug|Any CPU.Build.0 = Debug|Any CPU
		{A9025913-4A1F-46AF-AA70-EFF39D3CCF0E}.Debug|ARM.ActiveCfg = Debug|Any CPU
		{A9025913-4A1F-46AF-AA70-EFF39D3CCF0E}.Debug|ARM.Build.0 = Debug|Any CPU
		{A9025913-4A1F-46AF-AA70-EFF39D3CCF0E}.Debug|x64.ActiveCfg = Debug|Any CPU
		{A9025913-4A1F-46AF-AA70-EFF39D3CCF0E}.Debug|x64.Build.0 = Debug|Any CPU
		{A9025913-4A1F-46AF-AA70-EFF39D3CCF0E}.Debug|x86.ActiveCfg = Debug|Any CPU
		{A9025913-4A1F-46AF-AA70-EFF39D3CCF0E}.Debug|x86.Build.0 = Debug|Any CPU
		{A9025913-4A1F-46AF-AA70-EFF39D3CCF0E}.Release|Any CPU.ActiveCfg = Release|Any CPU
		{A9025913-4A1F-46AF-AA70-EFF39D3CCF0E}.Release|Any CPU.Build.0 = Release|Any CPU
		{A9025913-4A1F-46AF-AA70-EFF39D3CCF0E}.Release|ARM.ActiveCfg = Release|Any CPU
		{A9025913-4A1F-46AF-AA70-EFF39D3CCF0E}.Release|ARM.Build.0 = Release|Any CPU
		{A9025913-4A1F-46AF-AA70-EFF39D3CCF0E}.Release|x64.ActiveCfg = Release|Any CPU
		{A9025913-4A1F-46AF-AA70-EFF39D3CCF0E}.Release|x64.Build.0 = Release|Any CPU
		{A9025913-4A1F-46AF-AA70-EFF39D3CCF0E}.Release|x86.ActiveCfg = Release|Any CPU
		{A9025913-4A1F-46AF-AA70-EFF39D3CCF0E}.Release|x86.Build.0 = Release|Any CPU
		{083F3FAA-9413-4F36-993A-ACDBC551EE65}.Debug|Any CPU.ActiveCfg = Debug|Any CPU
		{083F3FAA-9413-4F36-993A-ACDBC551EE65}.Debug|Any CPU.Build.0 = Debug|Any CPU
		{083F3FAA-9413-4F36-993A-ACDBC551EE65}.Debug|ARM.ActiveCfg = Debug|Any CPU
		{083F3FAA-9413-4F36-993A-ACDBC551EE65}.Debug|ARM.Build.0 = Debug|Any CPU
		{083F3FAA-9413-4F36-993A-ACDBC551EE65}.Debug|x64.ActiveCfg = Debug|Any CPU
		{083F3FAA-9413-4F36-993A-ACDBC551EE65}.Debug|x64.Build.0 = Debug|Any CPU
		{083F3FAA-9413-4F36-993A-ACDBC551EE65}.Debug|x86.ActiveCfg = Debug|Any CPU
		{083F3FAA-9413-4F36-993A-ACDBC551EE65}.Debug|x86.Build.0 = Debug|Any CPU
		{083F3FAA-9413-4F36-993A-ACDBC551EE65}.Release|Any CPU.ActiveCfg = Release|Any CPU
		{083F3FAA-9413-4F36-993A-ACDBC551EE65}.Release|Any CPU.Build.0 = Release|Any CPU
		{083F3FAA-9413-4F36-993A-ACDBC551EE65}.Release|ARM.ActiveCfg = Release|Any CPU
		{083F3FAA-9413-4F36-993A-ACDBC551EE65}.Release|ARM.Build.0 = Release|Any CPU
		{083F3FAA-9413-4F36-993A-ACDBC551EE65}.Release|x64.ActiveCfg = Release|Any CPU
		{083F3FAA-9413-4F36-993A-ACDBC551EE65}.Release|x64.Build.0 = Release|Any CPU
		{083F3FAA-9413-4F36-993A-ACDBC551EE65}.Release|x86.ActiveCfg = Release|Any CPU
		{083F3FAA-9413-4F36-993A-ACDBC551EE65}.Release|x86.Build.0 = Release|Any CPU
		{BDC436B0-3448-4492-855A-9BC18176CD29}.Debug|Any CPU.ActiveCfg = Debug|Any CPU
		{BDC436B0-3448-4492-855A-9BC18176CD29}.Debug|Any CPU.Build.0 = Debug|Any CPU
		{BDC436B0-3448-4492-855A-9BC18176CD29}.Debug|ARM.ActiveCfg = Debug|Any CPU
		{BDC436B0-3448-4492-855A-9BC18176CD29}.Debug|ARM.Build.0 = Debug|Any CPU
		{BDC436B0-3448-4492-855A-9BC18176CD29}.Debug|x64.ActiveCfg = Debug|Any CPU
		{BDC436B0-3448-4492-855A-9BC18176CD29}.Debug|x64.Build.0 = Debug|Any CPU
		{BDC436B0-3448-4492-855A-9BC18176CD29}.Debug|x86.ActiveCfg = Debug|Any CPU
		{BDC436B0-3448-4492-855A-9BC18176CD29}.Debug|x86.Build.0 = Debug|Any CPU
		{BDC436B0-3448-4492-855A-9BC18176CD29}.Release|Any CPU.ActiveCfg = Release|Any CPU
		{BDC436B0-3448-4492-855A-9BC18176CD29}.Release|Any CPU.Build.0 = Release|Any CPU
		{BDC436B0-3448-4492-855A-9BC18176CD29}.Release|ARM.ActiveCfg = Release|Any CPU
		{BDC436B0-3448-4492-855A-9BC18176CD29}.Release|ARM.Build.0 = Release|Any CPU
		{BDC436B0-3448-4492-855A-9BC18176CD29}.Release|x64.ActiveCfg = Release|Any CPU
		{BDC436B0-3448-4492-855A-9BC18176CD29}.Release|x64.Build.0 = Release|Any CPU
		{BDC436B0-3448-4492-855A-9BC18176CD29}.Release|x86.ActiveCfg = Release|Any CPU
		{BDC436B0-3448-4492-855A-9BC18176CD29}.Release|x86.Build.0 = Release|Any CPU
		{2EA14FE6-7BC0-4F49-9364-FF3060FF9FC4}.Debug|Any CPU.ActiveCfg = Debug|Any CPU
		{2EA14FE6-7BC0-4F49-9364-FF3060FF9FC4}.Debug|Any CPU.Build.0 = Debug|Any CPU
		{2EA14FE6-7BC0-4F49-9364-FF3060FF9FC4}.Debug|ARM.ActiveCfg = Debug|Any CPU
		{2EA14FE6-7BC0-4F49-9364-FF3060FF9FC4}.Debug|ARM.Build.0 = Debug|Any CPU
		{2EA14FE6-7BC0-4F49-9364-FF3060FF9FC4}.Debug|x64.ActiveCfg = Debug|Any CPU
		{2EA14FE6-7BC0-4F49-9364-FF3060FF9FC4}.Debug|x64.Build.0 = Debug|Any CPU
		{2EA14FE6-7BC0-4F49-9364-FF3060FF9FC4}.Debug|x86.ActiveCfg = Debug|Any CPU
		{2EA14FE6-7BC0-4F49-9364-FF3060FF9FC4}.Debug|x86.Build.0 = Debug|Any CPU
		{2EA14FE6-7BC0-4F49-9364-FF3060FF9FC4}.Release|Any CPU.ActiveCfg = Release|Any CPU
		{2EA14FE6-7BC0-4F49-9364-FF3060FF9FC4}.Release|Any CPU.Build.0 = Release|Any CPU
		{2EA14FE6-7BC0-4F49-9364-FF3060FF9FC4}.Release|ARM.ActiveCfg = Release|Any CPU
		{2EA14FE6-7BC0-4F49-9364-FF3060FF9FC4}.Release|ARM.Build.0 = Release|Any CPU
		{2EA14FE6-7BC0-4F49-9364-FF3060FF9FC4}.Release|x64.ActiveCfg = Release|Any CPU
		{2EA14FE6-7BC0-4F49-9364-FF3060FF9FC4}.Release|x64.Build.0 = Release|Any CPU
		{2EA14FE6-7BC0-4F49-9364-FF3060FF9FC4}.Release|x86.ActiveCfg = Release|Any CPU
		{2EA14FE6-7BC0-4F49-9364-FF3060FF9FC4}.Release|x86.Build.0 = Release|Any CPU
		{0D48D7BA-9A59-4929-9C7A-F6DE537402D5}.Debug|Any CPU.ActiveCfg = Debug|Any CPU
		{0D48D7BA-9A59-4929-9C7A-F6DE537402D5}.Debug|Any CPU.Build.0 = Debug|Any CPU
		{0D48D7BA-9A59-4929-9C7A-F6DE537402D5}.Debug|ARM.ActiveCfg = Debug|Any CPU
		{0D48D7BA-9A59-4929-9C7A-F6DE537402D5}.Debug|ARM.Build.0 = Debug|Any CPU
		{0D48D7BA-9A59-4929-9C7A-F6DE537402D5}.Debug|x64.ActiveCfg = Debug|Any CPU
		{0D48D7BA-9A59-4929-9C7A-F6DE537402D5}.Debug|x64.Build.0 = Debug|Any CPU
		{0D48D7BA-9A59-4929-9C7A-F6DE537402D5}.Debug|x86.ActiveCfg = Debug|Any CPU
		{0D48D7BA-9A59-4929-9C7A-F6DE537402D5}.Debug|x86.Build.0 = Debug|Any CPU
		{0D48D7BA-9A59-4929-9C7A-F6DE537402D5}.Release|Any CPU.ActiveCfg = Release|Any CPU
		{0D48D7BA-9A59-4929-9C7A-F6DE537402D5}.Release|Any CPU.Build.0 = Release|Any CPU
		{0D48D7BA-9A59-4929-9C7A-F6DE537402D5}.Release|ARM.ActiveCfg = Release|Any CPU
		{0D48D7BA-9A59-4929-9C7A-F6DE537402D5}.Release|ARM.Build.0 = Release|Any CPU
		{0D48D7BA-9A59-4929-9C7A-F6DE537402D5}.Release|x64.ActiveCfg = Release|Any CPU
		{0D48D7BA-9A59-4929-9C7A-F6DE537402D5}.Release|x64.Build.0 = Release|Any CPU
		{0D48D7BA-9A59-4929-9C7A-F6DE537402D5}.Release|x86.ActiveCfg = Release|Any CPU
		{0D48D7BA-9A59-4929-9C7A-F6DE537402D5}.Release|x86.Build.0 = Release|Any CPU
		{E35D90A9-D219-4CFD-8338-BC3A531984AE}.Debug|Any CPU.ActiveCfg = Debug|Any CPU
		{E35D90A9-D219-4CFD-8338-BC3A531984AE}.Debug|Any CPU.Build.0 = Debug|Any CPU
		{E35D90A9-D219-4CFD-8338-BC3A531984AE}.Debug|ARM.ActiveCfg = Debug|Any CPU
		{E35D90A9-D219-4CFD-8338-BC3A531984AE}.Debug|ARM.Build.0 = Debug|Any CPU
		{E35D90A9-D219-4CFD-8338-BC3A531984AE}.Debug|x64.ActiveCfg = Debug|Any CPU
		{E35D90A9-D219-4CFD-8338-BC3A531984AE}.Debug|x64.Build.0 = Debug|Any CPU
		{E35D90A9-D219-4CFD-8338-BC3A531984AE}.Debug|x86.ActiveCfg = Debug|Any CPU
		{E35D90A9-D219-4CFD-8338-BC3A531984AE}.Debug|x86.Build.0 = Debug|Any CPU
		{E35D90A9-D219-4CFD-8338-BC3A531984AE}.Release|Any CPU.ActiveCfg = Release|Any CPU
		{E35D90A9-D219-4CFD-8338-BC3A531984AE}.Release|Any CPU.Build.0 = Release|Any CPU
		{E35D90A9-D219-4CFD-8338-BC3A531984AE}.Release|ARM.ActiveCfg = Release|Any CPU
		{E35D90A9-D219-4CFD-8338-BC3A531984AE}.Release|ARM.Build.0 = Release|Any CPU
		{E35D90A9-D219-4CFD-8338-BC3A531984AE}.Release|x64.ActiveCfg = Release|Any CPU
		{E35D90A9-D219-4CFD-8338-BC3A531984AE}.Release|x64.Build.0 = Release|Any CPU
		{E35D90A9-D219-4CFD-8338-BC3A531984AE}.Release|x86.ActiveCfg = Release|Any CPU
		{E35D90A9-D219-4CFD-8338-BC3A531984AE}.Release|x86.Build.0 = Release|Any CPU
		{E4421BF1-CD96-4B0C-8CE2-66A45E074FB4}.Debug|Any CPU.ActiveCfg = Debug|Any CPU
		{E4421BF1-CD96-4B0C-8CE2-66A45E074FB4}.Debug|Any CPU.Build.0 = Debug|Any CPU
		{E4421BF1-CD96-4B0C-8CE2-66A45E074FB4}.Debug|ARM.ActiveCfg = Debug|Any CPU
		{E4421BF1-CD96-4B0C-8CE2-66A45E074FB4}.Debug|ARM.Build.0 = Debug|Any CPU
		{E4421BF1-CD96-4B0C-8CE2-66A45E074FB4}.Debug|x64.ActiveCfg = Debug|Any CPU
		{E4421BF1-CD96-4B0C-8CE2-66A45E074FB4}.Debug|x64.Build.0 = Debug|Any CPU
		{E4421BF1-CD96-4B0C-8CE2-66A45E074FB4}.Debug|x86.ActiveCfg = Debug|Any CPU
		{E4421BF1-CD96-4B0C-8CE2-66A45E074FB4}.Debug|x86.Build.0 = Debug|Any CPU
		{E4421BF1-CD96-4B0C-8CE2-66A45E074FB4}.Release|Any CPU.ActiveCfg = Release|Any CPU
		{E4421BF1-CD96-4B0C-8CE2-66A45E074FB4}.Release|Any CPU.Build.0 = Release|Any CPU
		{E4421BF1-CD96-4B0C-8CE2-66A45E074FB4}.Release|ARM.ActiveCfg = Release|Any CPU
		{E4421BF1-CD96-4B0C-8CE2-66A45E074FB4}.Release|ARM.Build.0 = Release|Any CPU
		{E4421BF1-CD96-4B0C-8CE2-66A45E074FB4}.Release|x64.ActiveCfg = Release|Any CPU
		{E4421BF1-CD96-4B0C-8CE2-66A45E074FB4}.Release|x64.Build.0 = Release|Any CPU
		{E4421BF1-CD96-4B0C-8CE2-66A45E074FB4}.Release|x86.ActiveCfg = Release|Any CPU
		{E4421BF1-CD96-4B0C-8CE2-66A45E074FB4}.Release|x86.Build.0 = Release|Any CPU
		{9AC77749-47AA-48B8-9352-9EB2B5178E39}.Debug|Any CPU.ActiveCfg = Debug|Any CPU
		{9AC77749-47AA-48B8-9352-9EB2B5178E39}.Debug|Any CPU.Build.0 = Debug|Any CPU
		{9AC77749-47AA-48B8-9352-9EB2B5178E39}.Debug|ARM.ActiveCfg = Debug|Any CPU
		{9AC77749-47AA-48B8-9352-9EB2B5178E39}.Debug|ARM.Build.0 = Debug|Any CPU
		{9AC77749-47AA-48B8-9352-9EB2B5178E39}.Debug|x64.ActiveCfg = Debug|Any CPU
		{9AC77749-47AA-48B8-9352-9EB2B5178E39}.Debug|x64.Build.0 = Debug|Any CPU
		{9AC77749-47AA-48B8-9352-9EB2B5178E39}.Debug|x86.ActiveCfg = Debug|Any CPU
		{9AC77749-47AA-48B8-9352-9EB2B5178E39}.Debug|x86.Build.0 = Debug|Any CPU
		{9AC77749-47AA-48B8-9352-9EB2B5178E39}.Release|Any CPU.ActiveCfg = Release|Any CPU
		{9AC77749-47AA-48B8-9352-9EB2B5178E39}.Release|Any CPU.Build.0 = Release|Any CPU
		{9AC77749-47AA-48B8-9352-9EB2B5178E39}.Release|ARM.ActiveCfg = Release|Any CPU
		{9AC77749-47AA-48B8-9352-9EB2B5178E39}.Release|ARM.Build.0 = Release|Any CPU
		{9AC77749-47AA-48B8-9352-9EB2B5178E39}.Release|x64.ActiveCfg = Release|Any CPU
		{9AC77749-47AA-48B8-9352-9EB2B5178E39}.Release|x64.Build.0 = Release|Any CPU
		{9AC77749-47AA-48B8-9352-9EB2B5178E39}.Release|x86.ActiveCfg = Release|Any CPU
		{9AC77749-47AA-48B8-9352-9EB2B5178E39}.Release|x86.Build.0 = Release|Any CPU
		{D20D2E80-1037-45BA-93C8-C4CF0C1F39C7}.Debug|Any CPU.ActiveCfg = Debug|Any CPU
		{D20D2E80-1037-45BA-93C8-C4CF0C1F39C7}.Debug|Any CPU.Build.0 = Debug|Any CPU
		{D20D2E80-1037-45BA-93C8-C4CF0C1F39C7}.Debug|ARM.ActiveCfg = Debug|Any CPU
		{D20D2E80-1037-45BA-93C8-C4CF0C1F39C7}.Debug|ARM.Build.0 = Debug|Any CPU
		{D20D2E80-1037-45BA-93C8-C4CF0C1F39C7}.Debug|x64.ActiveCfg = Debug|Any CPU
		{D20D2E80-1037-45BA-93C8-C4CF0C1F39C7}.Debug|x64.Build.0 = Debug|Any CPU
		{D20D2E80-1037-45BA-93C8-C4CF0C1F39C7}.Debug|x86.ActiveCfg = Debug|Any CPU
		{D20D2E80-1037-45BA-93C8-C4CF0C1F39C7}.Debug|x86.Build.0 = Debug|Any CPU
		{D20D2E80-1037-45BA-93C8-C4CF0C1F39C7}.Release|Any CPU.ActiveCfg = Release|Any CPU
		{D20D2E80-1037-45BA-93C8-C4CF0C1F39C7}.Release|Any CPU.Build.0 = Release|Any CPU
		{D20D2E80-1037-45BA-93C8-C4CF0C1F39C7}.Release|ARM.ActiveCfg = Release|Any CPU
		{D20D2E80-1037-45BA-93C8-C4CF0C1F39C7}.Release|ARM.Build.0 = Release|Any CPU
		{D20D2E80-1037-45BA-93C8-C4CF0C1F39C7}.Release|x64.ActiveCfg = Release|Any CPU
		{D20D2E80-1037-45BA-93C8-C4CF0C1F39C7}.Release|x64.Build.0 = Release|Any CPU
		{D20D2E80-1037-45BA-93C8-C4CF0C1F39C7}.Release|x86.ActiveCfg = Release|Any CPU
		{D20D2E80-1037-45BA-93C8-C4CF0C1F39C7}.Release|x86.Build.0 = Release|Any CPU
		{040A20D5-7F82-4AED-BF73-CC66DF7533A6}.Debug|Any CPU.ActiveCfg = Debug|Any CPU
		{040A20D5-7F82-4AED-BF73-CC66DF7533A6}.Debug|Any CPU.Build.0 = Debug|Any CPU
		{040A20D5-7F82-4AED-BF73-CC66DF7533A6}.Debug|ARM.ActiveCfg = Debug|Any CPU
		{040A20D5-7F82-4AED-BF73-CC66DF7533A6}.Debug|ARM.Build.0 = Debug|Any CPU
		{040A20D5-7F82-4AED-BF73-CC66DF7533A6}.Debug|x64.ActiveCfg = Debug|Any CPU
		{040A20D5-7F82-4AED-BF73-CC66DF7533A6}.Debug|x64.Build.0 = Debug|Any CPU
		{040A20D5-7F82-4AED-BF73-CC66DF7533A6}.Debug|x86.ActiveCfg = Debug|Any CPU
		{040A20D5-7F82-4AED-BF73-CC66DF7533A6}.Debug|x86.Build.0 = Debug|Any CPU
		{040A20D5-7F82-4AED-BF73-CC66DF7533A6}.Release|Any CPU.ActiveCfg = Release|Any CPU
		{040A20D5-7F82-4AED-BF73-CC66DF7533A6}.Release|Any CPU.Build.0 = Release|Any CPU
		{040A20D5-7F82-4AED-BF73-CC66DF7533A6}.Release|ARM.ActiveCfg = Release|Any CPU
		{040A20D5-7F82-4AED-BF73-CC66DF7533A6}.Release|ARM.Build.0 = Release|Any CPU
		{040A20D5-7F82-4AED-BF73-CC66DF7533A6}.Release|x64.ActiveCfg = Release|Any CPU
		{040A20D5-7F82-4AED-BF73-CC66DF7533A6}.Release|x64.Build.0 = Release|Any CPU
		{040A20D5-7F82-4AED-BF73-CC66DF7533A6}.Release|x86.ActiveCfg = Release|Any CPU
		{040A20D5-7F82-4AED-BF73-CC66DF7533A6}.Release|x86.Build.0 = Release|Any CPU
	EndGlobalSection
	GlobalSection(SolutionProperties) = preSolution
		HideSolutionNode = FALSE
	EndGlobalSection
	GlobalSection(ExtensibilityGlobals) = postSolution
		SolutionGuid = {4924D49A-19A4-4657-BA08-F043F583DADA}
	EndGlobalSection
EndGlobal
